{
    "name": "dryad-crawler",
    "version": "0.0.1",
    "lockfileVersion": 1,
    "requires": true,
    "dependencies": {
        "asn1": {
            "version": "https://registry.npmjs.org/asn1/-/asn1-0.1.11.tgz",
            "integrity": "sha1-VZvhg3bQik7E2+gId9J4GGObLfc="
        },
        "assert-plus": {
            "version": "https://registry.npmjs.org/assert-plus/-/assert-plus-0.1.5.tgz",
            "integrity": "sha1-7nQAlBMALYTOxyGcasgRgS5yMWA="
        },
        "async": {
            "version": "https://registry.npmjs.org/async/-/async-0.9.2.tgz",
            "integrity": "sha1-rqdNXmHB+JlhO/ZL2mbUx48v0X0="
        },
        "aws-sign": {
            "version": "https://registry.npmjs.org/aws-sign/-/aws-sign-0.3.0.tgz",
            "integrity": "sha1-PYHKabR0seFlGHKLUcJP8Lvtxuk="
        },
        "boom": {
            "version": "https://registry.npmjs.org/boom/-/boom-0.4.2.tgz",
            "integrity": "sha1-emNune1O/O+xnO9JR6PGffrukRs=",
            "requires": {
                "hoek": "https://registry.npmjs.org/hoek/-/hoek-0.9.1.tgz"
            }
        },
        "combined-stream": {
            "version": "https://registry.npmjs.org/combined-stream/-/combined-stream-0.0.7.tgz",
            "integrity": "sha1-ATfmV7qlp1QcV6w3rF/AfXO03B8=",
            "requires": {
                "delayed-stream": "https://registry.npmjs.org/delayed-stream/-/delayed-stream-0.0.5.tgz"
            }
        },
        "cookie-jar": {
            "version": "https://registry.npmjs.org/cookie-jar/-/cookie-jar-0.3.0.tgz",
            "integrity": "sha1-vJon1OK5fhhs1XyeIGPLmfpozMw="
        },
        "cryptiles": {
            "version": "https://registry.npmjs.org/cryptiles/-/cryptiles-0.2.2.tgz",
            "integrity": "sha1-7ZH/HxetE9N0gohZT4pIoNJvMlw=",
            "requires": {
                "boom": "https://registry.npmjs.org/boom/-/boom-0.4.2.tgz"
            }
        },
        "ctype": {
            "version": "https://registry.npmjs.org/ctype/-/ctype-0.5.3.tgz",
            "integrity": "sha1-gsGMJGH3QRTvFsE1IkrQuRRMoS8="
        },
        "delayed-stream": {
            "version": "https://registry.npmjs.org/delayed-stream/-/delayed-stream-0.0.5.tgz",
            "integrity": "sha1-1LH0OpPoKW3+AmlPRoC8N6MTxz8="
        },
        "forever-agent": {
            "version": "https://registry.npmjs.org/forever-agent/-/forever-agent-0.5.2.tgz",
            "integrity": "sha1-bQ4JxJIflKJ/Y9O0nF/v8epMUTA="
        },
        "form-data": {
            "version": "https://registry.npmjs.org/form-data/-/form-data-0.1.4.tgz",
            "integrity": "sha1-kavXiKupcCsaq/qLwBAxoqyeOxI=",
            "requires": {
                "async": "https://registry.npmjs.org/async/-/async-0.9.2.tgz",
                "combined-stream": "https://registry.npmjs.org/combined-stream/-/combined-stream-0.0.7.tgz",
                "mime": "https://registry.npmjs.org/mime/-/mime-1.2.11.tgz"
            }
        },
        "graceful-fs": {
            "version": "https://registry.npmjs.org/graceful-fs/-/graceful-fs-2.0.3.tgz",
            "integrity": "sha1-fNLNsiiko/Nule+mzBQt59GhNtA=",
            "optional": true
        },
        "hawk": {
            "version": "https://registry.npmjs.org/hawk/-/hawk-1.0.0.tgz",
            "integrity": "sha1-uQuxaYByhUEdp//LjdJZhQLTtS0=",
            "requires": {
                "boom": "https://registry.npmjs.org/boom/-/boom-0.4.2.tgz",
                "cryptiles": "https://registry.npmjs.org/cryptiles/-/cryptiles-0.2.2.tgz",
                "hoek": "https://registry.npmjs.org/hoek/-/hoek-0.9.1.tgz",
                "sntp": "https://registry.npmjs.org/sntp/-/sntp-0.2.4.tgz"
            }
        },
        "hoek": {
            "version": "https://registry.npmjs.org/hoek/-/hoek-0.9.1.tgz",
            "integrity": "sha1-PTIkYrrfB3Fup+uFuviAec3c5QU="
        },
        "http-signature": {
            "version": "https://registry.npmjs.org/http-signature/-/http-signature-0.10.1.tgz",
            "integrity": "sha1-T72sEyVZqoMjEh5UB3nAoBKyfmY=",
            "requires": {
                "asn1": "https://registry.npmjs.org/asn1/-/asn1-0.1.11.tgz",
                "assert-plus": "https://registry.npmjs.org/assert-plus/-/assert-plus-0.1.5.tgz",
                "ctype": "https://registry.npmjs.org/ctype/-/ctype-0.5.3.tgz"
            }
        },
        "json-stringify-safe": {
            "version": "https://registry.npmjs.org/json-stringify-safe/-/json-stringify-safe-5.0.1.tgz",
            "integrity": "sha1-Epai1Y/UXxmg9s4B1lcB4sc1tus="
        },
        "jsonparse": {
            "version": "https://registry.npmjs.org/jsonparse/-/jsonparse-0.0.5.tgz",
            "integrity": "sha1-MwVCrT8KZUZlt3jz6y2an6UHrGQ="
        },
        "JSONStream": {
            "version": "https://registry.npmjs.org/JSONStream/-/JSONStream-0.7.1.tgz",
            "integrity": "sha1-Cmv3+FRZvrExlIaSfSk8fO+KAmA=",
            "requires": {
                "jsonparse": "https://registry.npmjs.org/jsonparse/-/jsonparse-0.0.5.tgz",
                "through": "https://registry.npmjs.org/through/-/through-2.2.7.tgz"
            }
        },
        "mime": {
            "version": "https://registry.npmjs.org/mime/-/mime-1.2.11.tgz",
            "integrity": "sha1-WCA+7Ybjpe8XrtK32evUfwpg3RA="
        },
        "node-uuid": {
            "version": "https://registry.npmjs.org/node-uuid/-/node-uuid-1.4.8.tgz",
            "integrity": "sha1-sEDrCSOWivq/jTL7HxfxFn/auQc="
        },
        "oauth-sign": {
            "version": "https://registry.npmjs.org/oauth-sign/-/oauth-sign-0.3.0.tgz",
            "integrity": "sha1-y1QPk7srIqfVlBaRoojWDo6pOG4="
        },
        "qs": {
            "version": "https://registry.npmjs.org/qs/-/qs-0.6.6.tgz",
            "integrity": "sha1-bgFQmP9RlouKPIGQAdXyyJvEsQc="
        },
        "request": {
            "version": "https://registry.npmjs.org/request/-/request-2.27.0.tgz",
            "integrity": "sha1-37GiJN06Wput5DNwElA9cQ5Thmg=",
            "requires": {
                "aws-sign": "https://registry.npmjs.org/aws-sign/-/aws-sign-0.3.0.tgz",
                "cookie-jar": "https://registry.npmjs.org/cookie-jar/-/cookie-jar-0.3.0.tgz",
                "forever-agent": "https://registry.npmjs.org/forever-agent/-/forever-agent-0.5.2.tgz",
                "form-data": "https://registry.npmjs.org/form-data/-/form-data-0.1.4.tgz",
                "hawk": "https://registry.npmjs.org/hawk/-/hawk-1.0.0.tgz",
                "http-signature": "https://registry.npmjs.org/http-signature/-/http-signature-0.10.1.tgz",
                "json-stringify-safe": "https://registry.npmjs.org/json-stringify-safe/-/json-stringify-safe-5.0.1.tgz",
                "mime": "https://registry.npmjs.org/mime/-/mime-1.2.11.tgz",
                "node-uuid": "https://registry.npmjs.org/node-uuid/-/node-uuid-1.4.8.tgz",
                "oauth-sign": "https://registry.npmjs.org/oauth-sign/-/oauth-sign-0.3.0.tgz",
                "qs": "https://registry.npmjs.org/qs/-/qs-0.6.6.tgz",
                "tunnel-agent": "https://registry.npmjs.org/tunnel-agent/-/tunnel-agent-0.3.0.tgz"
            }
        },
        "rimraf": {
            "version": "https://registry.npmjs.org/rimraf/-/rimraf-2.2.2.tgz",
            "integrity": "sha1-2Z7EHcZG5Vv3p6RKJVwovvM6ir8=",
            "requires": {
                "graceful-fs": "https://registry.npmjs.org/graceful-fs/-/graceful-fs-2.0.3.tgz"
            }
        },
        "semaphore": {
            "version": "https://registry.npmjs.org/semaphore/-/semaphore-1.0.1.tgz",
            "integrity": "sha1-dOMYHfTLplPSDVsKsEp478LPg+o="
        },
        "sleep": {
            "version": "https://registry.npmjs.org/sleep/-/sleep-1.1.1.tgz",
            "integrity": "sha1-n2mTn0OQrN65FgOcOiPW7gy6pXM="
        },
        "sntp": {
            "version": "https://registry.npmjs.org/sntp/-/sntp-0.2.4.tgz",
            "integrity": "sha1-+4hfGLDzqtGJ+CSGJTa87ux1CQA=",
            "requires": {
                "hoek": "https://registry.npmjs.org/hoek/-/hoek-0.9.1.tgz"
            }
        },
        "through": {
            "version": "https://registry.npmjs.org/through/-/through-2.2.7.tgz",
            "integrity": "sha1-bo4hIAGR1OtqmfbwEN9Gqhxusr0="
        },
        "tunnel-agent": {
            "version": "https://registry.npmjs.org/tunnel-agent/-/tunnel-agent-0.3.0.tgz",
            "integrity": "sha1-rWgbaPUyGtKCfEz7G31d8s/pQu4="
        }
    }
}
